
Microsoft Visual Studio Solution File, Format Version 12.00
# Visual Studio Version 17
VisualStudioVersion = 17.1.32414.318
MinimumVisualStudioVersion = 10.0.40219.1
Project("{FAE04EC0-301F-11D3-BF4B-00C04F79EFBC}") = "UC9_Total_Wage", "UC9_Total_Wage.csproj", "{C5A9CC13-8869-4AA6-BE1E-996DC3C790E8}"
EndProject
Global
	GlobalSection(SolutionConfigurationPlatforms) = preSolution
		Debug|Any CPU = Debug|Any CPU
		Release|Any CPU = Release|Any CPU
	EndGlobalSection
	GlobalSection(ProjectConfigurationPlatforms) = postSolution
		{C5A9CC13-8869-4AA6-BE1E-996DC3C790E8}.Debug|Any CPU.ActiveCfg = Debug|Any CPU
		{C5A9CC13-8869-4AA6-BE1E-996DC3C790E8}.Debug|Any CPU.Build.0 = Debug|Any CPU
		{C5A9CC13-8869-4AA6-BE1E-996DC3C790E8}.Release|Any CPU.ActiveCfg = Release|Any CPU
		{C5A9CC13-8869-4AA6-BE1E-996DC3C790E8}.Release|Any CPU.Build.0 = Release|Any CPU
	EndGlobalSection
	GlobalSection(SolutionProperties) = preSolution
		HideSolutionNode = FALSE
	EndGlobalSection
	GlobalSection(ExtensibilityGlobals) = postSolution
		SolutionGuid = {557C9A14-F252-45C9-A2D4-440775BA0140}
	EndGlobalSection
EndGlobal
