
Microsoft Visual Studio Solution File, Format Version 12.00
# Visual Studio Version 17
VisualStudioVersion = 17.1.32414.318
MinimumVisualStudioVersion = 10.0.40219.1
Project("{FAE04EC0-301F-11D3-BF4B-00C04F79EFBC}") = "UC11_Multiple_Compaines_Using_Iterface_Apporach", "UC11_Multiple_Compaines_Using_Iterface_Apporach.csproj", "{ADD64E7D-FB33-4409-A808-B58B2A186415}"
EndProject
Global
	GlobalSection(SolutionConfigurationPlatforms) = preSolution
		Debug|Any CPU = Debug|Any CPU
		Release|Any CPU = Release|Any CPU
	EndGlobalSection
	GlobalSection(ProjectConfigurationPlatforms) = postSolution
		{ADD64E7D-FB33-4409-A808-B58B2A186415}.Debug|Any CPU.ActiveCfg = Debug|Any CPU
		{ADD64E7D-FB33-4409-A808-B58B2A186415}.Debug|Any CPU.Build.0 = Debug|Any CPU
		{ADD64E7D-FB33-4409-A808-B58B2A186415}.Release|Any CPU.ActiveCfg = Release|Any CPU
		{ADD64E7D-FB33-4409-A808-B58B2A186415}.Release|Any CPU.Build.0 = Release|Any CPU
	EndGlobalSection
	GlobalSection(SolutionProperties) = preSolution
		HideSolutionNode = FALSE
	EndGlobalSection
	GlobalSection(ExtensibilityGlobals) = postSolution
		SolutionGuid = {2C0433A5-2895-4AA6-9C60-D439C46A0818}
	EndGlobalSection
EndGlobal
