
Microsoft Visual Studio Solution File, Format Version 12.00
# Visual Studio Version 17
VisualStudioVersion = 17.1.32414.318
MinimumVisualStudioVersion = 10.0.40219.1
Project("{FAE04EC0-301F-11D3-BF4B-00C04F79EFBC}") = "UC13_Store_Daily_Wage", "UC13_Store_Daily_Wage.csproj", "{D507250E-9CC3-4808-9B86-AA39F88ABCE2}"
EndProject
Global
	GlobalSection(SolutionConfigurationPlatforms) = preSolution
		Debug|Any CPU = Debug|Any CPU
		Release|Any CPU = Release|Any CPU
	EndGlobalSection
	GlobalSection(ProjectConfigurationPlatforms) = postSolution
		{D507250E-9CC3-4808-9B86-AA39F88ABCE2}.Debug|Any CPU.ActiveCfg = Debug|Any CPU
		{D507250E-9CC3-4808-9B86-AA39F88ABCE2}.Debug|Any CPU.Build.0 = Debug|Any CPU
		{D507250E-9CC3-4808-9B86-AA39F88ABCE2}.Release|Any CPU.ActiveCfg = Release|Any CPU
		{D507250E-9CC3-4808-9B86-AA39F88ABCE2}.Release|Any CPU.Build.0 = Release|Any CPU
	EndGlobalSection
	GlobalSection(SolutionProperties) = preSolution
		HideSolutionNode = FALSE
	EndGlobalSection
	GlobalSection(ExtensibilityGlobals) = postSolution
		SolutionGuid = {0494E21B-838B-48B6-865B-1D4A9B80326B}
	EndGlobalSection
EndGlobal
